#MicroXplorer Configuration settings - do not modify
CAD.formats=
CAD.pinconfig=
CAD.provider=
DCMI.IPParameters=JPEGMode
DCMI.JPEGMode=DCMI_JPEG_DISABLE
File.Version=6
GPIO.groupedBy=Group By Peripherals
KeepUserPlacement=false
Mcu.CPN=STM32F407ZGT6
Mcu.Family=STM32F4
Mcu.IP0=DCMI
Mcu.IP1=I2C1
Mcu.IP2=NVIC
Mcu.IP3=RCC
Mcu.IP4=SPI1
Mcu.IP5=SYS
Mcu.IP6=USART1
Mcu.IPNb=7
Mcu.Name=STM32F407Z(E-G)Tx
Mcu.Package=LQFP144
Mcu.Pin0=PE4
Mcu.Pin1=PE5
Mcu.Pin10=PA7
Mcu.Pin11=PC6
Mcu.Pin12=PC7
Mcu.Pin13=PC8
Mcu.Pin14=PC9
Mcu.Pin15=PA8
Mcu.Pin16=PA9
Mcu.Pin17=PA10
Mcu.Pin18=PA11
Mcu.Pin19=PA13
Mcu.Pin2=PE6
Mcu.Pin20=PA14
Mcu.Pin21=PD1
Mcu.Pin22=PB6
Mcu.Pin23=PB8
Mcu.Pin24=PB9
Mcu.Pin25=VP_SYS_VS_Systick
Mcu.Pin26=VP_STMicroelectronics.X-CUBE-AI_VS_ArtificialOoIntelligenceJjXAaCUBEAaAI_10.2.0
Mcu.Pin3=PC14-OSC32_IN
Mcu.Pin4=PC15-OSC32_OUT
Mcu.Pin5=PH0-OSC_IN
Mcu.Pin6=PH1-OSC_OUT
Mcu.Pin7=PA3
Mcu.Pin8=PA5
Mcu.Pin9=PA6
Mcu.PinsNb=27
Mcu.ThirdParty0=STMicroelectronics.X-CUBE-AI.10.2.0
Mcu.ThirdPartyNb=1
Mcu.UserConstants=
Mcu.UserName=STM32F407ZGTx
MxCube.Version=6.14.1
MxDb.Version=DB.6.0.141
NVIC.BusFault_IRQn=true\:0\:0\:false\:false\:true\:false\:false\:false
NVIC.DebugMonitor_IRQn=true\:0\:0\:false\:false\:true\:false\:false\:false
NVIC.ForceEnableDMAVector=true
NVIC.HardFault_IRQn=true\:0\:0\:false\:false\:true\:false\:false\:false
NVIC.MemoryManagement_IRQn=true\:0\:0\:false\:false\:true\:false\:false\:false
NVIC.NonMaskableInt_IRQn=true\:0\:0\:false\:false\:true\:false\:false\:false
NVIC.PendSV_IRQn=true\:0\:0\:false\:false\:true\:false\:false\:false
NVIC.PriorityGroup=NVIC_PRIORITYGROUP_4
NVIC.SVCall_IRQn=true\:0\:0\:false\:false\:true\:false\:false\:false
NVIC.SysTick_IRQn=true\:15\:0\:false\:false\:true\:false\:true\:false
NVIC.USART1_IRQn=true\:0\:0\:false\:false\:true\:true\:true\:true
NVIC.UsageFault_IRQn=true\:0\:0\:false\:false\:true\:false\:false\:false
PA10.Mode=Asynchronous
PA10.Signal=USART1_RX
PA11.GPIOParameters=PinState,GPIO_Label
PA11.GPIO_Label=ST7789_DC
PA11.Locked=true
PA11.PinState=GPIO_PIN_SET
PA11.Signal=GPIO_Output
PA13.Mode=Serial_Wire
PA13.Signal=SYS_JTMS-SWDIO
PA14.Mode=Serial_Wire
PA14.Signal=SYS_JTCK-SWCLK
PA3.GPIOParameters=PinState,GPIO_Label
PA3.GPIO_Label=ST7789_CS
PA3.Locked=true
PA3.PinState=GPIO_PIN_SET
PA3.Signal=GPIO_Output
PA5.GPIOParameters=GPIO_Label
PA5.GPIO_Label=ST7789_SCK
PA5.Mode=Simplex_Bidirectional_Master
PA5.Signal=SPI1_SCK
PA6.Mode=Slave_8_bits_Embedded_Synchro
PA6.Signal=DCMI_PIXCLK
PA7.GPIOParameters=GPIO_Label
PA7.GPIO_Label=ST7789_MOSI
PA7.Mode=Simplex_Bidirectional_Master
PA7.Signal=SPI1_MOSI
PA8.GPIOParameters=PinState,GPIO_Label
PA8.GPIO_Label=ST7789_RST
PA8.Locked=true
PA8.PinState=GPIO_PIN_SET
PA8.Signal=GPIO_Output
PA9.Mode=Asynchronous
PA9.Signal=USART1_TX
PB6.Mode=Slave_8_bits_Embedded_Synchro
PB6.Signal=DCMI_D5
PB8.Locked=true
PB8.Mode=I2C
PB8.Signal=I2C1_SCL
PB9.Locked=true
PB9.Mode=I2C
PB9.Signal=I2C1_SDA
PC14-OSC32_IN.Mode=LSE-External-Oscillator
PC14-OSC32_IN.Signal=RCC_OSC32_IN
PC15-OSC32_OUT.Mode=LSE-External-Oscillator
PC15-OSC32_OUT.Signal=RCC_OSC32_OUT
PC6.Mode=Slave_8_bits_Embedded_Synchro
PC6.Signal=DCMI_D0
PC7.Mode=Slave_8_bits_Embedded_Synchro
PC7.Signal=DCMI_D1
PC8.Mode=Slave_8_bits_Embedded_Synchro
PC8.Signal=DCMI_D2
PC9.Mode=Slave_8_bits_Embedded_Synchro
PC9.Signal=DCMI_D3
PD1.GPIOParameters=PinState,GPIO_Label
PD1.GPIO_Label=ST7789_BLK
PD1.Locked=true
PD1.PinState=GPIO_PIN_SET
PD1.Signal=GPIO_Output
PE4.Mode=Slave_8_bits_Embedded_Synchro
PE4.Signal=DCMI_D4
PE5.Mode=Slave_8_bits_Embedded_Synchro
PE5.Signal=DCMI_D6
PE6.Mode=Slave_8_bits_Embedded_Synchro
PE6.Signal=DCMI_D7
PH0-OSC_IN.Mode=HSE-External-Oscillator
PH0-OSC_IN.Signal=RCC_OSC_IN
PH1-OSC_OUT.Mode=HSE-External-Oscillator
PH1-OSC_OUT.Signal=RCC_OSC_OUT
PinOutPanel.RotationAngle=0
ProjectManager.AskForMigrate=true
ProjectManager.BackupPrevious=false
ProjectManager.CompilerLinker=GCC
ProjectManager.CompilerOptimize=6
ProjectManager.ComputerToolchain=false
ProjectManager.CoupleFile=true
ProjectManager.CustomerFirmwarePackage=
ProjectManager.DefaultFWLocation=true
ProjectManager.DeletePrevious=true
ProjectManager.DeviceId=STM32F407ZGTx
ProjectManager.FirmwarePackage=STM32Cube FW_F4 V1.28.3
ProjectManager.FreePins=false
ProjectManager.HalAssertFull=false
ProjectManager.HeapSize=0x4000
ProjectManager.KeepUserCode=true
ProjectManager.LastFirmware=true
ProjectManager.LibraryCopy=1
ProjectManager.MainLocation=Core/Src
ProjectManager.NoMain=false
ProjectManager.PreviousToolchain=
ProjectManager.ProjectBuild=false
ProjectManager.ProjectFileName=F407_P1_YOLOK50.ioc
ProjectManager.ProjectName=F407_P1_YOLOK50
ProjectManager.ProjectStructure=
ProjectManager.RegisterCallBack=
ProjectManager.StackSize=0x1000
ProjectManager.TargetToolchain=MDK-ARM V5.32
ProjectManager.ToolChainLocation=
ProjectManager.UAScriptAfterPath=
ProjectManager.UAScriptBeforePath=
ProjectManager.UnderRoot=false
ProjectManager.functionlistsort=1-SystemClock_Config-RCC-false-HAL-false,2-MX_GPIO_Init-GPIO-false-HAL-true,3-MX_DMA_Init-DMA-false-HAL-true,4-MX_USART1_UART_Init-USART1-false-HAL-true,5-MX_SDIO_SD_Init-SDIO-false-HAL-true,6-MX_FATFS_Init-FATFS-false-HAL-false,7-MX_I2C1_Init-I2C1-false-HAL-true,8-MX_SPI1_Init-SPI1-false-HAL-true
RCC.AHBFreq_Value=16000000
RCC.APB1Freq_Value=16000000
RCC.APB2Freq_Value=16000000
RCC.CortexFreq_Value=16000000
RCC.FamilyName=M
RCC.HSE_VALUE=25000000
RCC.HSI_VALUE=16000000
RCC.I2SClocksFreq_Value=96000000
RCC.IPParameters=AHBFreq_Value,APB1Freq_Value,APB2Freq_Value,CortexFreq_Value,FamilyName,HSE_VALUE,HSI_VALUE,I2SClocksFreq_Value,LSI_VALUE,PLLCLKFreq_Value,PLLQCLKFreq_Value,RTCFreq_Value,RTCHSEDivFreq_Value,SYSCLKFreq_VALUE,VCOI2SOutputFreq_Value,VCOInputFreq_Value,VCOOutputFreq_Value,VcooutputI2S
RCC.LSI_VALUE=32000
RCC.PLLCLKFreq_Value=96000000
RCC.PLLQCLKFreq_Value=48000000
RCC.RTCFreq_Value=32000
RCC.RTCHSEDivFreq_Value=12500000
RCC.SYSCLKFreq_VALUE=16000000
RCC.VCOI2SOutputFreq_Value=192000000
RCC.VCOInputFreq_Value=1000000
RCC.VCOOutputFreq_Value=192000000
RCC.VcooutputI2S=96000000
SPI1.BaudRatePrescaler=SPI_BAUDRATEPRESCALER_4
SPI1.CalculateBaudRate=4.0 MBits/s
SPI1.Direction=SPI_DIRECTION_1LINE
SPI1.IPParameters=VirtualType,Mode,Direction,CalculateBaudRate,BaudRatePrescaler
SPI1.Mode=SPI_MODE_MASTER
SPI1.VirtualType=VM_MASTER
STMicroelectronics.X-CUBE-AI.10.2.0.ActivationBufferSizeList=47692
STMicroelectronics.X-CUBE-AI.10.2.0.ActivationBuffers=pool0
STMicroelectronics.X-CUBE-AI.10.2.0.ActivationNames=pool0
STMicroelectronics.X-CUBE-AI.10.2.0.ActivationSizes=AI_YOLOFACE50K_DATA_ACTIVATION_1_SIZE
STMicroelectronics.X-CUBE-AI.10.2.0.ArtificialOoIntelligenceJjXAaCUBEAaAI_Checked=true
STMicroelectronics.X-CUBE-AI.10.2.0.HeapSize=0x4000
STMicroelectronics.X-CUBE-AI.10.2.0.IPParameters=ModelKind-ec0816b783b0dec2011900a5d978afd705c948d2402151f4b5a07749e4b47ec9,ModelType-ec0816b783b0dec2011900a5d978afd705c948d2402151f4b5a07749e4b47ec9,ModelActualCompression-ec0816b783b0dec2011900a5d978afd705c948d2402151f4b5a07749e4b47ec9,ModelCompression-ec0816b783b0dec2011900a5d978afd705c948d2402151f4b5a07749e4b47ec9,ModelRamOccupation-ec0816b783b0dec2011900a5d978afd705c948d2402151f4b5a07749e4b47ec9,ModelFlashOccupation-ec0816b783b0dec2011900a5d978afd705c948d2402151f4b5a07749e4b47ec9,ModelMacc-ec0816b783b0dec2011900a5d978afd705c948d2402151f4b5a07749e4b47ec9,ModelHashList,ModelNameList,WorkingBufferStartAddrList,HeapSize,StackSize,ModelName-ec0816b783b0dec2011900a5d978afd705c948d2402151f4b5a07749e4b47ec9,LatestDirectoryUsed-ec0816b783b0dec2011900a5d978afd705c948d2402151f4b5a07749e4b47ec9,ModelStructureFile-ec0816b783b0dec2011900a5d978afd705c948d2402151f4b5a07749e4b47ec9,copyWeightToRam-ec0816b783b0dec2011900a5d978afd705c948d2402151f4b5a07749e4b47ec9,useInputAllocation-ec0816b783b0dec2011900a5d978afd705c948d2402151f4b5a07749e4b47ec9,useOutputAllocation-ec0816b783b0dec2011900a5d978afd705c948d2402151f4b5a07749e4b47ec9,customLayerConfigEnabled-ec0816b783b0dec2011900a5d978afd705c948d2402151f4b5a07749e4b47ec9,noOnnxIoTranspose-ec0816b783b0dec2011900a5d978afd705c948d2402151f4b5a07749e4b47ec9,ActivationBuffers,ActivationSizes,ActivationNames,InternalRamActivationBufferMaxSize,ActivationBufferSizeList,MaximumNumberOfInputLayer,MaximumNumberOfOutputLayer,MaximumSizeOfInputLayer,MaximumSizeOfOutputLayer,ReadyForCodeGeneration,XAaCUBEAaAICcArtificialOoIntelligenceJjCore
STMicroelectronics.X-CUBE-AI.10.2.0.InternalRamActivationBufferMaxSize=AI_YOLOFACE50K_DATA_ACTIVATIONS_SIZE
STMicroelectronics.X-CUBE-AI.10.2.0.LatestDirectoryUsed-ec0816b783b0dec2011900a5d978afd705c948d2402151f4b5a07749e4b47ec9=D\:\\STM32_Project\\yoloface_50k\\yoloface-50k-main\\tflite
STMicroelectronics.X-CUBE-AI.10.2.0.MaximumNumberOfInputLayer=1
STMicroelectronics.X-CUBE-AI.10.2.0.MaximumNumberOfOutputLayer=1
STMicroelectronics.X-CUBE-AI.10.2.0.MaximumSizeOfInputLayer=1
STMicroelectronics.X-CUBE-AI.10.2.0.MaximumSizeOfOutputLayer=1
STMicroelectronics.X-CUBE-AI.10.2.0.ModelActualCompression-ec0816b783b0dec2011900a5d978afd705c948d2402151f4b5a07749e4b47ec9=0.0
STMicroelectronics.X-CUBE-AI.10.2.0.ModelCompression-ec0816b783b0dec2011900a5d978afd705c948d2402151f4b5a07749e4b47ec9=Low
STMicroelectronics.X-CUBE-AI.10.2.0.ModelFlashOccupation-ec0816b783b0dec2011900a5d978afd705c948d2402151f4b5a07749e4b47ec9=65393
STMicroelectronics.X-CUBE-AI.10.2.0.ModelHashList=ec0816b783b0dec2011900a5d978afd705c948d2402151f4b5a07749e4b47ec9
STMicroelectronics.X-CUBE-AI.10.2.0.ModelKind-ec0816b783b0dec2011900a5d978afd705c948d2402151f4b5a07749e4b47ec9=TFLITE
STMicroelectronics.X-CUBE-AI.10.2.0.ModelMacc-ec0816b783b0dec2011900a5d978afd705c948d2402151f4b5a07749e4b47ec9=1381952
STMicroelectronics.X-CUBE-AI.10.2.0.ModelName-ec0816b783b0dec2011900a5d978afd705c948d2402151f4b5a07749e4b47ec9=yoloface50k
STMicroelectronics.X-CUBE-AI.10.2.0.ModelNameList=yoloface50k
STMicroelectronics.X-CUBE-AI.10.2.0.ModelRamOccupation-ec0816b783b0dec2011900a5d978afd705c948d2402151f4b5a07749e4b47ec9=47692
STMicroelectronics.X-CUBE-AI.10.2.0.ModelStructureFile-ec0816b783b0dec2011900a5d978afd705c948d2402151f4b5a07749e4b47ec9=D\:\\STM32_Project\\yoloface_50k\\yoloface-50k-main\\tflite\\yoloface_int8.tflite
STMicroelectronics.X-CUBE-AI.10.2.0.ModelType-ec0816b783b0dec2011900a5d978afd705c948d2402151f4b5a07749e4b47ec9=STM32Cube.AI MCU runtime
STMicroelectronics.X-CUBE-AI.10.2.0.ReadyForCodeGeneration=true
STMicroelectronics.X-CUBE-AI.10.2.0.StackSize=0x1000
STMicroelectronics.X-CUBE-AI.10.2.0.WorkingBufferStartAddrList=0xFFFFFFFF
STMicroelectronics.X-CUBE-AI.10.2.0.XAaCUBEAaAICcArtificialOoIntelligenceJjCore=true
STMicroelectronics.X-CUBE-AI.10.2.0.copyWeightToRam-ec0816b783b0dec2011900a5d978afd705c948d2402151f4b5a07749e4b47ec9=false
STMicroelectronics.X-CUBE-AI.10.2.0.customLayerConfigEnabled-ec0816b783b0dec2011900a5d978afd705c948d2402151f4b5a07749e4b47ec9=false
STMicroelectronics.X-CUBE-AI.10.2.0.noOnnxIoTranspose-ec0816b783b0dec2011900a5d978afd705c948d2402151f4b5a07749e4b47ec9=false
STMicroelectronics.X-CUBE-AI.10.2.0.useInputAllocation-ec0816b783b0dec2011900a5d978afd705c948d2402151f4b5a07749e4b47ec9=true
STMicroelectronics.X-CUBE-AI.10.2.0.useOutputAllocation-ec0816b783b0dec2011900a5d978afd705c948d2402151f4b5a07749e4b47ec9=true
STMicroelectronics.X-CUBE-AI.10.2.0_SwParameter=XAaCUBEAaAICcArtificialOoIntelligenceJjCore\:true;
USART1.IPParameters=VirtualMode
USART1.VirtualMode=VM_ASYNC
VP_STMicroelectronics.X-CUBE-AI_VS_ArtificialOoIntelligenceJjXAaCUBEAaAI_10.2.0.Mode=ArtificialOoIntelligenceJjXAaCUBEAaAI
VP_STMicroelectronics.X-CUBE-AI_VS_ArtificialOoIntelligenceJjXAaCUBEAaAI_10.2.0.Signal=STMicroelectronics.X-CUBE-AI_VS_ArtificialOoIntelligenceJjXAaCUBEAaAI_10.2.0
VP_SYS_VS_Systick.Mode=SysTick
VP_SYS_VS_Systick.Signal=SYS_VS_Systick
board=custom
